
Microsoft Visual Studio Solution File, Format Version 12.00
# Visual Studio 15
VisualStudioVersion = 15.0.28010.2046
MinimumVisualStudioVersion = 10.0.40219.1
Project("{9A19103F-16F7-4668-BE54-9A1E7A4F7556}") = "EfCoreWebApp", "EfCoreWebApp\EfCoreWebApp.csproj", "{199E9BA5-7855-4C52-89F8-291DAF91008B}"
EndProject
Project("{2150E333-8FDC-42A3-9474-1A3956D46DE8}") = "Solution Items", "Solution Items", "{FE4F9579-9676-40D0-B524-63BCBBD0D581}"
	ProjectSection(SolutionItems) = preProject
		Readme.md = Readme.md
	EndProjectSection
EndProject
Project("{FAE04EC0-301F-11D3-BF4B-00C04F79EFBC}") = "BookStoreApp", "BookStoreApp\BookStoreApp.csproj", "{181E459E-FD42-4A2D-ADBC-E4C7919B2590}"
EndProject
Global
	GlobalSection(SolutionConfigurationPlatforms) = preSolution
		Debug|Any CPU = Debug|Any CPU
		Release|Any CPU = Release|Any CPU
	EndGlobalSection
	GlobalSection(ProjectConfigurationPlatforms) = postSolution
		{199E9BA5-7855-4C52-89F8-291DAF91008B}.Debug|Any CPU.ActiveCfg = Debug|Any CPU
		{199E9BA5-7855-4C52-89F8-291DAF91008B}.Debug|Any CPU.Build.0 = Debug|Any CPU
		{199E9BA5-7855-4C52-89F8-291DAF91008B}.Release|Any CPU.ActiveCfg = Release|Any CPU
		{199E9BA5-7855-4C52-89F8-291DAF91008B}.Release|Any CPU.Build.0 = Release|Any CPU
		{181E459E-FD42-4A2D-ADBC-E4C7919B2590}.Debug|Any CPU.ActiveCfg = Debug|Any CPU
		{181E459E-FD42-4A2D-ADBC-E4C7919B2590}.Debug|Any CPU.Build.0 = Debug|Any CPU
		{181E459E-FD42-4A2D-ADBC-E4C7919B2590}.Release|Any CPU.ActiveCfg = Release|Any CPU
		{181E459E-FD42-4A2D-ADBC-E4C7919B2590}.Release|Any CPU.Build.0 = Release|Any CPU
	EndGlobalSection
	GlobalSection(SolutionProperties) = preSolution
		HideSolutionNode = FALSE
	EndGlobalSection
	GlobalSection(ExtensibilityGlobals) = postSolution
		SolutionGuid = {D439CEC0-A4E9-4B38-8F6C-CCA71A59E888}
	EndGlobalSection
EndGlobal
